// !$*UTF8*$!
{
	archiveVersion = 1;
	classes = {
	};
	objectVersion = 56;
	objects = {

/* Begin PBXBuildFile section */
		C21ED4742A7967B600152EF0 /* RootView.swift in Sources */ = {isa = PBXBuildFile; fileRef = C21ED4732A7967B600152EF0 /* RootView.swift */; };
		C21ED4762A7967D100152EF0 /* RootViewModel.swift in Sources */ = {isa = PBXBuildFile; fileRef = C21ED4752A7967D100152EF0 /* RootViewModel.swift */; };
		C21ED4782A7967E400152EF0 /* LoginView.swift in Sources */ = {isa = PBXBuildFile; fileRef = C21ED4772A7967E400152EF0 /* LoginView.swift */; };
		C2861FB82A7A3F4D00D390C5 /* CustomTextFieldModifier.swift in Sources */ = {isa = PBXBuildFile; fileRef = C2861FB72A7A3F4D00D390C5 /* CustomTextFieldModifier.swift */; };
		C2861FBB2A7A400000D390C5 /* ButtonTextModifier.swift in Sources */ = {isa = PBXBuildFile; fileRef = C2861FBA2A7A400000D390C5 /* ButtonTextModifier.swift */; };
		C2861FC02A7A506400D390C5 /* RepositoryProtocol.swift in Sources */ = {isa = PBXBuildFile; fileRef = C2861FBF2A7A506400D390C5 /* RepositoryProtocol.swift */; };
		C2861FC22A7A508500D390C5 /* RemoteDataSourceProtocol.swift in Sources */ = {isa = PBXBuildFile; fileRef = C2861FC12A7A508500D390C5 /* RemoteDataSourceProtocol.swift */; };
		C2861FC72A7A518D00D390C5 /* RemoteDataSourceImpl.swift in Sources */ = {isa = PBXBuildFile; fileRef = C2861FC62A7A518D00D390C5 /* RemoteDataSourceImpl.swift */; };
		C2861FC92A7A52AB00D390C5 /* RepositoryImpl.swift in Sources */ = {isa = PBXBuildFile; fileRef = C2861FC82A7A52AB00D390C5 /* RepositoryImpl.swift */; };
		C2861FCC2A7A575A00D390C5 /* MapView.swift in Sources */ = {isa = PBXBuildFile; fileRef = C2861FCB2A7A575A00D390C5 /* MapView.swift */; };
		C2861FD02A7AA8BF00D390C5 /* GeocodingInfo.swift in Sources */ = {isa = PBXBuildFile; fileRef = C2861FCF2A7AA8BF00D390C5 /* GeocodingInfo.swift */; };
		C2E99AFF2A792F9A009E2DBE /* BandemapApp.swift in Sources */ = {isa = PBXBuildFile; fileRef = C2E99AFE2A792F9A009E2DBE /* BandemapApp.swift */; };
		C2E99B032A792F9A009E2DBE /* Assets.xcassets in Resources */ = {isa = PBXBuildFile; fileRef = C2E99B022A792F9A009E2DBE /* Assets.xcassets */; };
		C2E99B062A792F9A009E2DBE /* Preview Assets.xcassets in Resources */ = {isa = PBXBuildFile; fileRef = C2E99B052A792F9A009E2DBE /* Preview Assets.xcassets */; };
		C2E99B102A792F9B009E2DBE /* BandemapTests.swift in Sources */ = {isa = PBXBuildFile; fileRef = C2E99B0F2A792F9B009E2DBE /* BandemapTests.swift */; };
		C2E99B1A2A792F9B009E2DBE /* BandemapUITests.swift in Sources */ = {isa = PBXBuildFile; fileRef = C2E99B192A792F9B009E2DBE /* BandemapUITests.swift */; };
		C2E99B1C2A792F9B009E2DBE /* BandemapUITestsLaunchTests.swift in Sources */ = {isa = PBXBuildFile; fileRef = C2E99B1B2A792F9B009E2DBE /* BandemapUITestsLaunchTests.swift */; };
/* End PBXBuildFile section */

/* Begin PBXContainerItemProxy section */
		C2E99B0C2A792F9B009E2DBE /* PBXContainerItemProxy */ = {
			isa = PBXContainerItemProxy;
			containerPortal = C2E99AF32A792F9A009E2DBE /* Project object */;
			proxyType = 1;
			remoteGlobalIDString = C2E99AFA2A792F9A009E2DBE;
			remoteInfo = Bandemap;
		};
		C2E99B162A792F9B009E2DBE /* PBXContainerItemProxy */ = {
			isa = PBXContainerItemProxy;
			containerPortal = C2E99AF32A792F9A009E2DBE /* Project object */;
			proxyType = 1;
			remoteGlobalIDString = C2E99AFA2A792F9A009E2DBE;
			remoteInfo = Bandemap;
		};
/* End PBXContainerItemProxy section */

/* Begin PBXFileReference section */
		C21ED4732A7967B600152EF0 /* RootView.swift */ = {isa = PBXFileReference; lastKnownFileType = sourcecode.swift; path = RootView.swift; sourceTree = "<group>"; };
		C21ED4752A7967D100152EF0 /* RootViewModel.swift */ = {isa = PBXFileReference; lastKnownFileType = sourcecode.swift; path = RootViewModel.swift; sourceTree = "<group>"; };
		C21ED4772A7967E400152EF0 /* LoginView.swift */ = {isa = PBXFileReference; lastKnownFileType = sourcecode.swift; path = LoginView.swift; sourceTree = "<group>"; };
		C2861FB72A7A3F4D00D390C5 /* CustomTextFieldModifier.swift */ = {isa = PBXFileReference; lastKnownFileType = sourcecode.swift; path = CustomTextFieldModifier.swift; sourceTree = "<group>"; };
		C2861FBA2A7A400000D390C5 /* ButtonTextModifier.swift */ = {isa = PBXFileReference; lastKnownFileType = sourcecode.swift; path = ButtonTextModifier.swift; sourceTree = "<group>"; };
		C2861FBF2A7A506400D390C5 /* RepositoryProtocol.swift */ = {isa = PBXFileReference; lastKnownFileType = sourcecode.swift; path = RepositoryProtocol.swift; sourceTree = "<group>"; };
		C2861FC12A7A508500D390C5 /* RemoteDataSourceProtocol.swift */ = {isa = PBXFileReference; lastKnownFileType = sourcecode.swift; path = RemoteDataSourceProtocol.swift; sourceTree = "<group>"; };
		C2861FC62A7A518D00D390C5 /* RemoteDataSourceImpl.swift */ = {isa = PBXFileReference; lastKnownFileType = sourcecode.swift; path = RemoteDataSourceImpl.swift; sourceTree = "<group>"; };
		C2861FC82A7A52AB00D390C5 /* RepositoryImpl.swift */ = {isa = PBXFileReference; lastKnownFileType = sourcecode.swift; path = RepositoryImpl.swift; sourceTree = "<group>"; };
		C2861FCB2A7A575A00D390C5 /* MapView.swift */ = {isa = PBXFileReference; lastKnownFileType = sourcecode.swift; path = MapView.swift; sourceTree = "<group>"; };
		C2861FCF2A7AA8BF00D390C5 /* GeocodingInfo.swift */ = {isa = PBXFileReference; lastKnownFileType = sourcecode.swift; path = GeocodingInfo.swift; sourceTree = "<group>"; };
		C2E99AFB2A792F9A009E2DBE /* Bandemap.app */ = {isa = PBXFileReference; explicitFileType = wrapper.application; includeInIndex = 0; path = Bandemap.app; sourceTree = BUILT_PRODUCTS_DIR; };
		C2E99AFE2A792F9A009E2DBE /* BandemapApp.swift */ = {isa = PBXFileReference; lastKnownFileType = sourcecode.swift; path = BandemapApp.swift; sourceTree = "<group>"; };
		C2E99B022A792F9A009E2DBE /* Assets.xcassets */ = {isa = PBXFileReference; lastKnownFileType = folder.assetcatalog; path = Assets.xcassets; sourceTree = "<group>"; };
		C2E99B052A792F9A009E2DBE /* Preview Assets.xcassets */ = {isa = PBXFileReference; lastKnownFileType = folder.assetcatalog; path = "Preview Assets.xcassets"; sourceTree = "<group>"; };
		C2E99B0B2A792F9B009E2DBE /* BandemapTests.xctest */ = {isa = PBXFileReference; explicitFileType = wrapper.cfbundle; includeInIndex = 0; path = BandemapTests.xctest; sourceTree = BUILT_PRODUCTS_DIR; };
		C2E99B0F2A792F9B009E2DBE /* BandemapTests.swift */ = {isa = PBXFileReference; lastKnownFileType = sourcecode.swift; path = BandemapTests.swift; sourceTree = "<group>"; };
		C2E99B152A792F9B009E2DBE /* BandemapUITests.xctest */ = {isa = PBXFileReference; explicitFileType = wrapper.cfbundle; includeInIndex = 0; path = BandemapUITests.xctest; sourceTree = BUILT_PRODUCTS_DIR; };
		C2E99B192A792F9B009E2DBE /* BandemapUITests.swift */ = {isa = PBXFileReference; lastKnownFileType = sourcecode.swift; path = BandemapUITests.swift; sourceTree = "<group>"; };
		C2E99B1B2A792F9B009E2DBE /* BandemapUITestsLaunchTests.swift */ = {isa = PBXFileReference; lastKnownFileType = sourcecode.swift; path = BandemapUITestsLaunchTests.swift; sourceTree = "<group>"; };
/* End PBXFileReference section */

/* Begin PBXFrameworksBuildPhase section */
		C2E99AF82A792F9A009E2DBE /* Frameworks */ = {
			isa = PBXFrameworksBuildPhase;
			buildActionMask = 2147483647;
			files = (
			);
			runOnlyForDeploymentPostprocessing = 0;
		};
		C2E99B082A792F9B009E2DBE /* Frameworks */ = {
			isa = PBXFrameworksBuildPhase;
			buildActionMask = 2147483647;
			files = (
			);
			runOnlyForDeploymentPostprocessing = 0;
		};
		C2E99B122A792F9B009E2DBE /* Frameworks */ = {
			isa = PBXFrameworksBuildPhase;
			buildActionMask = 2147483647;
			files = (
			);
			runOnlyForDeploymentPostprocessing = 0;
		};
/* End PBXFrameworksBuildPhase section */

/* Begin PBXGroup section */
		C21ED46A2A79668600152EF0 /* App */ = {
			isa = PBXGroup;
			children = (
				C2E99AFE2A792F9A009E2DBE /* BandemapApp.swift */,
				C21ED46B2A79668800152EF0 /* Resources */,
			);
			path = App;
			sourceTree = "<group>";
		};
		C21ED46B2A79668800152EF0 /* Resources */ = {
			isa = PBXGroup;
			children = (
				C2E99B022A792F9A009E2DBE /* Assets.xcassets */,
			);
			path = Resources;
			sourceTree = "<group>";
		};
		C21ED46D2A79676400152EF0 /* Presentation */ = {
			isa = PBXGroup;
			children = (
				C2861FCA2A7A574600D390C5 /* Map */,
				C2861FB62A7A3EE700D390C5 /* Modifiers */,
				C21ED46F2A79677D00152EF0 /* Login */,
				C21ED46E2A79677400152EF0 /* Root */,
			);
			path = Presentation;
			sourceTree = "<group>";
		};
		C21ED46E2A79677400152EF0 /* Root */ = {
			isa = PBXGroup;
			children = (
				C21ED4732A7967B600152EF0 /* RootView.swift */,
				C21ED4752A7967D100152EF0 /* RootViewModel.swift */,
			);
			path = Root;
			sourceTree = "<group>";
		};
		C21ED46F2A79677D00152EF0 /* Login */ = {
			isa = PBXGroup;
			children = (
				C21ED4772A7967E400152EF0 /* LoginView.swift */,
			);
			path = Login;
			sourceTree = "<group>";
		};
		C2861FB62A7A3EE700D390C5 /* Modifiers */ = {
			isa = PBXGroup;
			children = (
				C2861FB72A7A3F4D00D390C5 /* CustomTextFieldModifier.swift */,
				C2861FBA2A7A400000D390C5 /* ButtonTextModifier.swift */,
			);
			path = Modifiers;
			sourceTree = "<group>";
		};
		C2861FBC2A7A501A00D390C5 /* Domain */ = {
			isa = PBXGroup;
			children = (
				C2861FBD2A7A501E00D390C5 /* Models */,
				C2861FBE2A7A502500D390C5 /* Protocols */,
			);
			path = Domain;
			sourceTree = "<group>";
		};
		C2861FBD2A7A501E00D390C5 /* Models */ = {
			isa = PBXGroup;
			children = (
				C2861FCF2A7AA8BF00D390C5 /* GeocodingInfo.swift */,
			);
			path = Models;
			sourceTree = "<group>";
		};
		C2861FBE2A7A502500D390C5 /* Protocols */ = {
			isa = PBXGroup;
			children = (
				C2861FC12A7A508500D390C5 /* RemoteDataSourceProtocol.swift */,
				C2861FBF2A7A506400D390C5 /* RepositoryProtocol.swift */,
			);
			path = Protocols;
			sourceTree = "<group>";
		};
		C2861FC42A7A517500D390C5 /* Data */ = {
			isa = PBXGroup;
			children = (
				C2861FC52A7A517900D390C5 /* Remote */,
				C2861FC82A7A52AB00D390C5 /* RepositoryImpl.swift */,
			);
			path = Data;
			sourceTree = "<group>";
		};
		C2861FC52A7A517900D390C5 /* Remote */ = {
			isa = PBXGroup;
			children = (
				C2861FC62A7A518D00D390C5 /* RemoteDataSourceImpl.swift */,
			);
			path = Remote;
			sourceTree = "<group>";
		};
		C2861FCA2A7A574600D390C5 /* Map */ = {
			isa = PBXGroup;
			children = (
				C2861FCB2A7A575A00D390C5 /* MapView.swift */,
			);
			path = Map;
			sourceTree = "<group>";
		};
		C2E99AF22A792F9A009E2DBE = {
			isa = PBXGroup;
			children = (
				C2E99AFD2A792F9A009E2DBE /* Bandemap */,
				C2E99B0E2A792F9B009E2DBE /* BandemapTests */,
				C2E99B182A792F9B009E2DBE /* BandemapUITests */,
				C2E99AFC2A792F9A009E2DBE /* Products */,
			);
			sourceTree = "<group>";
		};
		C2E99AFC2A792F9A009E2DBE /* Products */ = {
			isa = PBXGroup;
			children = (
				C2E99AFB2A792F9A009E2DBE /* Bandemap.app */,
				C2E99B0B2A792F9B009E2DBE /* BandemapTests.xctest */,
				C2E99B152A792F9B009E2DBE /* BandemapUITests.xctest */,
			);
			name = Products;
			sourceTree = "<group>";
		};
		C2E99AFD2A792F9A009E2DBE /* Bandemap */ = {
			isa = PBXGroup;
			children = (
				C2861FC42A7A517500D390C5 /* Data */,
				C2861FBC2A7A501A00D390C5 /* Domain */,
				C21ED46D2A79676400152EF0 /* Presentation */,
				C21ED46A2A79668600152EF0 /* App */,
				C2E99B042A792F9A009E2DBE /* Preview Content */,
			);
			path = Bandemap;
			sourceTree = "<group>";
		};
		C2E99B042A792F9A009E2DBE /* Preview Content */ = {
			isa = PBXGroup;
			children = (
				C2E99B052A792F9A009E2DBE /* Preview Assets.xcassets */,
			);
			path = "Preview Content";
			sourceTree = "<group>";
		};
		C2E99B0E2A792F9B009E2DBE /* BandemapTests */ = {
			isa = PBXGroup;
			children = (
				C2E99B0F2A792F9B009E2DBE /* BandemapTests.swift */,
			);
			path = BandemapTests;
			sourceTree = "<group>";
		};
		C2E99B182A792F9B009E2DBE /* BandemapUITests */ = {
			isa = PBXGroup;
			children = (
				C2E99B192A792F9B009E2DBE /* BandemapUITests.swift */,
				C2E99B1B2A792F9B009E2DBE /* BandemapUITestsLaunchTests.swift */,
			);
			path = BandemapUITests;
			sourceTree = "<group>";
		};
/* End PBXGroup section */

/* Begin PBXNativeTarget section */
		C2E99AFA2A792F9A009E2DBE /* Bandemap */ = {
			isa = PBXNativeTarget;
			buildConfigurationList = C2E99B1F2A792F9B009E2DBE /* Build configuration list for PBXNativeTarget "Bandemap" */;
			buildPhases = (
				C2E99AF72A792F9A009E2DBE /* Sources */,
				C2E99AF82A792F9A009E2DBE /* Frameworks */,
				C2E99AF92A792F9A009E2DBE /* Resources */,
			);
			buildRules = (
			);
			dependencies = (
			);
			name = Bandemap;
			productName = Bandemap;
			productReference = C2E99AFB2A792F9A009E2DBE /* Bandemap.app */;
			productType = "com.apple.product-type.application";
		};
		C2E99B0A2A792F9B009E2DBE /* BandemapTests */ = {
			isa = PBXNativeTarget;
			buildConfigurationList = C2E99B222A792F9B009E2DBE /* Build configuration list for PBXNativeTarget "BandemapTests" */;
			buildPhases = (
				C2E99B072A792F9B009E2DBE /* Sources */,
				C2E99B082A792F9B009E2DBE /* Frameworks */,
				C2E99B092A792F9B009E2DBE /* Resources */,
			);
			buildRules = (
			);
			dependencies = (
				C2E99B0D2A792F9B009E2DBE /* PBXTargetDependency */,
			);
			name = BandemapTests;
			productName = BandemapTests;
			productReference = C2E99B0B2A792F9B009E2DBE /* BandemapTests.xctest */;
			productType = "com.apple.product-type.bundle.unit-test";
		};
		C2E99B142A792F9B009E2DBE /* BandemapUITests */ = {
			isa = PBXNativeTarget;
			buildConfigurationList = C2E99B252A792F9B009E2DBE /* Build configuration list for PBXNativeTarget "BandemapUITests" */;
			buildPhases = (
				C2E99B112A792F9B009E2DBE /* Sources */,
				C2E99B122A792F9B009E2DBE /* Frameworks */,
				C2E99B132A792F9B009E2DBE /* Resources */,
			);
			buildRules = (
			);
			dependencies = (
				C2E99B172A792F9B009E2DBE /* PBXTargetDependency */,
			);
			name = BandemapUITests;
			productName = BandemapUITests;
			productReference = C2E99B152A792F9B009E2DBE /* BandemapUITests.xctest */;
			productType = "com.apple.product-type.bundle.ui-testing";
		};
/* End PBXNativeTarget section */

/* Begin PBXProject section */
		C2E99AF32A792F9A009E2DBE /* Project object */ = {
			isa = PBXProject;
			attributes = {
				BuildIndependentTargetsInParallel = 1;
				LastSwiftUpdateCheck = 1430;
				LastUpgradeCheck = 1430;
				TargetAttributes = {
					C2E99AFA2A792F9A009E2DBE = {
						CreatedOnToolsVersion = 14.3.1;
					};
					C2E99B0A2A792F9B009E2DBE = {
						CreatedOnToolsVersion = 14.3.1;
						TestTargetID = C2E99AFA2A792F9A009E2DBE;
					};
					C2E99B142A792F9B009E2DBE = {
						CreatedOnToolsVersion = 14.3.1;
						TestTargetID = C2E99AFA2A792F9A009E2DBE;
					};
				};
			};
			buildConfigurationList = C2E99AF62A792F9A009E2DBE /* Build configuration list for PBXProject "Bandemap" */;
			compatibilityVersion = "Xcode 14.0";
			developmentRegion = en;
			hasScannedForEncodings = 0;
			knownRegions = (
				en,
				Base,
			);
			mainGroup = C2E99AF22A792F9A009E2DBE;
			productRefGroup = C2E99AFC2A792F9A009E2DBE /* Products */;
			projectDirPath = "";
			projectRoot = "";
			targets = (
				C2E99AFA2A792F9A009E2DBE /* Bandemap */,
				C2E99B0A2A792F9B009E2DBE /* BandemapTests */,
				C2E99B142A792F9B009E2DBE /* BandemapUITests */,
			);
		};
/* End PBXProject section */

/* Begin PBXResourcesBuildPhase section */
		C2E99AF92A792F9A009E2DBE /* Resources */ = {
			isa = PBXResourcesBuildPhase;
			buildActionMask = 2147483647;
			files = (
				C2E99B062A792F9A009E2DBE /* Preview Assets.xcassets in Resources */,
				C2E99B032A792F9A009E2DBE /* Assets.xcassets in Resources */,
			);
			runOnlyForDeploymentPostprocessing = 0;
		};
		C2E99B092A792F9B009E2DBE /* Resources */ = {
			isa = PBXResourcesBuildPhase;
			buildActionMask = 2147483647;
			files = (
			);
			runOnlyForDeploymentPostprocessing = 0;
		};
		C2E99B132A792F9B009E2DBE /* Resources */ = {
			isa = PBXResourcesBuildPhase;
			buildActionMask = 2147483647;
			files = (
			);
			runOnlyForDeploymentPostprocessing = 0;
		};
/* End PBXResourcesBuildPhase section */

/* Begin PBXSourcesBuildPhase section */
		C2E99AF72A792F9A009E2DBE /* Sources */ = {
			isa = PBXSourcesBuildPhase;
			buildActionMask = 2147483647;
			files = (
				C2E99AFF2A792F9A009E2DBE /* BandemapApp.swift in Sources */,
				C2861FD02A7AA8BF00D390C5 /* GeocodingInfo.swift in Sources */,
				C2861FBB2A7A400000D390C5 /* ButtonTextModifier.swift in Sources */,
				C2861FC22A7A508500D390C5 /* RemoteDataSourceProtocol.swift in Sources */,
				C2861FCC2A7A575A00D390C5 /* MapView.swift in Sources */,
				C21ED4762A7967D100152EF0 /* RootViewModel.swift in Sources */,
				C21ED4782A7967E400152EF0 /* LoginView.swift in Sources */,
				C2861FB82A7A3F4D00D390C5 /* CustomTextFieldModifier.swift in Sources */,
				C21ED4742A7967B600152EF0 /* RootView.swift in Sources */,
				C2861FC02A7A506400D390C5 /* RepositoryProtocol.swift in Sources */,
				C2861FC72A7A518D00D390C5 /* RemoteDataSourceImpl.swift in Sources */,
				C2861FC92A7A52AB00D390C5 /* RepositoryImpl.swift in Sources */,
			);
			runOnlyForDeploymentPostprocessing = 0;
		};
		C2E99B072A792F9B009E2DBE /* Sources */ = {
			isa = PBXSourcesBuildPhase;
			buildActionMask = 2147483647;
			files = (
				C2E99B102A792F9B009E2DBE /* BandemapTests.swift in Sources */,
			);
			runOnlyForDeploymentPostprocessing = 0;
		};
		C2E99B112A792F9B009E2DBE /* Sources */ = {
			isa = PBXSourcesBuildPhase;
			buildActionMask = 2147483647;
			files = (
				C2E99B1C2A792F9B009E2DBE /* BandemapUITestsLaunchTests.swift in Sources */,
				C2E99B1A2A792F9B009E2DBE /* BandemapUITests.swift in Sources */,
			);
			runOnlyForDeploymentPostprocessing = 0;
		};
/* End PBXSourcesBuildPhase section */

/* Begin PBXTargetDependency section */
		C2E99B0D2A792F9B009E2DBE /* PBXTargetDependency */ = {
			isa = PBXTargetDependency;
			target = C2E99AFA2A792F9A009E2DBE /* Bandemap */;
			targetProxy = C2E99B0C2A792F9B009E2DBE /* PBXContainerItemProxy */;
		};
		C2E99B172A792F9B009E2DBE /* PBXTargetDependency */ = {
			isa = PBXTargetDependency;
			target = C2E99AFA2A792F9A009E2DBE /* Bandemap */;
			targetProxy = C2E99B162A792F9B009E2DBE /* PBXContainerItemProxy */;
		};
/* End PBXTargetDependency section */

/* Begin XCBuildConfiguration section */
		C2E99B1D2A792F9B009E2DBE /* Debug */ = {
			isa = XCBuildConfiguration;
			buildSettings = {
				ALWAYS_SEARCH_USER_PATHS = NO;
				CLANG_ANALYZER_NONNULL = YES;
				CLANG_ANALYZER_NUMBER_OBJECT_CONVERSION = YES_AGGRESSIVE;
				CLANG_CXX_LANGUAGE_STANDARD = "gnu++20";
				CLANG_ENABLE_MODULES = YES;
				CLANG_ENABLE_OBJC_ARC = YES;
				CLANG_ENABLE_OBJC_WEAK = YES;
				CLANG_WARN_BLOCK_CAPTURE_AUTORELEASING = YES;
				CLANG_WARN_BOOL_CONVERSION = YES;
				CLANG_WARN_COMMA = YES;
				CLANG_WARN_CONSTANT_CONVERSION = YES;
				CLANG_WARN_DEPRECATED_OBJC_IMPLEMENTATIONS = YES;
				CLANG_WARN_DIRECT_OBJC_ISA_USAGE = YES_ERROR;
				CLANG_WARN_DOCUMENTATION_COMMENTS = YES;
				CLANG_WARN_EMPTY_BODY = YES;
				CLANG_WARN_ENUM_CONVERSION = YES;
				CLANG_WARN_INFINITE_RECURSION = YES;
				CLANG_WARN_INT_CONVERSION = YES;
				CLANG_WARN_NON_LITERAL_NULL_CONVERSION = YES;
				CLANG_WARN_OBJC_IMPLICIT_RETAIN_SELF = YES;
				CLANG_WARN_OBJC_LITERAL_CONVERSION = YES;
				CLANG_WARN_OBJC_ROOT_CLASS = YES_ERROR;
				CLANG_WARN_QUOTED_INCLUDE_IN_FRAMEWORK_HEADER = YES;
				CLANG_WARN_RANGE_LOOP_ANALYSIS = YES;
				CLANG_WARN_STRICT_PROTOTYPES = YES;
				CLANG_WARN_SUSPICIOUS_MOVE = YES;
				CLANG_WARN_UNGUARDED_AVAILABILITY = YES_AGGRESSIVE;
				CLANG_WARN_UNREACHABLE_CODE = YES;
				CLANG_WARN__DUPLICATE_METHOD_MATCH = YES;
				COPY_PHASE_STRIP = NO;
				DEBUG_INFORMATION_FORMAT = dwarf;
				ENABLE_STRICT_OBJC_MSGSEND = YES;
				ENABLE_TESTABILITY = YES;
				GCC_C_LANGUAGE_STANDARD = gnu11;
				GCC_DYNAMIC_NO_PIC = NO;
				GCC_NO_COMMON_BLOCKS = YES;
				GCC_OPTIMIZATION_LEVEL = 0;
				GCC_PREPROCESSOR_DEFINITIONS = (
					"DEBUG=1",
					"$(inherited)",
				);
				GCC_WARN_64_TO_32_BIT_CONVERSION = YES;
				GCC_WARN_ABOUT_RETURN_TYPE = YES_ERROR;
				GCC_WARN_UNDECLARED_SELECTOR = YES;
				GCC_WARN_UNINITIALIZED_AUTOS = YES_AGGRESSIVE;
				GCC_WARN_UNUSED_FUNCTION = YES;
				GCC_WARN_UNUSED_VARIABLE = YES;
				IPHONEOS_DEPLOYMENT_TARGET = 16.4;
				MTL_ENABLE_DEBUG_INFO = INCLUDE_SOURCE;
				MTL_FAST_MATH = YES;
				ONLY_ACTIVE_ARCH = YES;
				SDKROOT = iphoneos;
				SWIFT_ACTIVE_COMPILATION_CONDITIONS = DEBUG;
				SWIFT_OPTIMIZATION_LEVEL = "-Onone";
			};
			name = Debug;
		};
		C2E99B1E2A792F9B009E2DBE /* Release */ = {
			isa = XCBuildConfiguration;
			buildSettings = {
				ALWAYS_SEARCH_USER_PATHS = NO;
				CLANG_ANALYZER_NONNULL = YES;
				CLANG_ANALYZER_NUMBER_OBJECT_CONVERSION = YES_AGGRESSIVE;
				CLANG_CXX_LANGUAGE_STANDARD = "gnu++20";
				CLANG_ENABLE_MODULES = YES;
				CLANG_ENABLE_OBJC_ARC = YES;
				CLANG_ENABLE_OBJC_WEAK = YES;
				CLANG_WARN_BLOCK_CAPTURE_AUTORELEASING = YES;
				CLANG_WARN_BOOL_CONVERSION = YES;
				CLANG_WARN_COMMA = YES;
				CLANG_WARN_CONSTANT_CONVERSION = YES;
				CLANG_WARN_DEPRECATED_OBJC_IMPLEMENTATIONS = YES;
				CLANG_WARN_DIRECT_OBJC_ISA_USAGE = YES_ERROR;
				CLANG_WARN_DOCUMENTATION_COMMENTS = YES;
				CLANG_WARN_EMPTY_BODY = YES;
				CLANG_WARN_ENUM_CONVERSION = YES;
				CLANG_WARN_INFINITE_RECURSION = YES;
				CLANG_WARN_INT_CONVERSION = YES;
				CLANG_WARN_NON_LITERAL_NULL_CONVERSION = YES;
				CLANG_WARN_OBJC_IMPLICIT_RETAIN_SELF = YES;
				CLANG_WARN_OBJC_LITERAL_CONVERSION = YES;
				CLANG_WARN_OBJC_ROOT_CLASS = YES_ERROR;
				CLANG_WARN_QUOTED_INCLUDE_IN_FRAMEWORK_HEADER = YES;
				CLANG_WARN_RANGE_LOOP_ANALYSIS = YES;
				CLANG_WARN_STRICT_PROTOTYPES = YES;
				CLANG_WARN_SUSPICIOUS_MOVE = YES;
				CLANG_WARN_UNGUARDED_AVAILABILITY = YES_AGGRESSIVE;
				CLANG_WARN_UNREACHABLE_CODE = YES;
				CLANG_WARN__DUPLICATE_METHOD_MATCH = YES;
				COPY_PHASE_STRIP = NO;
				DEBUG_INFORMATION_FORMAT = "dwarf-with-dsym";
				ENABLE_NS_ASSERTIONS = NO;
				ENABLE_STRICT_OBJC_MSGSEND = YES;
				GCC_C_LANGUAGE_STANDARD = gnu11;
				GCC_NO_COMMON_BLOCKS = YES;
				GCC_WARN_64_TO_32_BIT_CONVERSION = YES;
				GCC_WARN_ABOUT_RETURN_TYPE = YES_ERROR;
				GCC_WARN_UNDECLARED_SELECTOR = YES;
				GCC_WARN_UNINITIALIZED_AUTOS = YES_AGGRESSIVE;
				GCC_WARN_UNUSED_FUNCTION = YES;
				GCC_WARN_UNUSED_VARIABLE = YES;
				IPHONEOS_DEPLOYMENT_TARGET = 16.4;
				MTL_ENABLE_DEBUG_INFO = NO;
				MTL_FAST_MATH = YES;
				SDKROOT = iphoneos;
				SWIFT_COMPILATION_MODE = wholemodule;
				SWIFT_OPTIMIZATION_LEVEL = "-O";
				VALIDATE_PRODUCT = YES;
			};
			name = Release;
		};
		C2E99B202A792F9B009E2DBE /* Debug */ = {
			isa = XCBuildConfiguration;
			buildSettings = {
				ASSETCATALOG_COMPILER_APPICON_NAME = AppIcon;
				ASSETCATALOG_COMPILER_GLOBAL_ACCENT_COLOR_NAME = AccentColor;
				CODE_SIGN_STYLE = Automatic;
				CURRENT_PROJECT_VERSION = 1;
				DEVELOPMENT_ASSET_PATHS = "\"Bandemap/Preview Content\"";
				DEVELOPMENT_TEAM = 85WT6QJ3FL;
				ENABLE_PREVIEWS = YES;
				GENERATE_INFOPLIST_FILE = YES;
				INFOPLIST_KEY_UIApplicationSceneManifest_Generation = YES;
				INFOPLIST_KEY_UIApplicationSupportsIndirectInputEvents = YES;
				INFOPLIST_KEY_UILaunchScreen_Generation = YES;
				INFOPLIST_KEY_UISupportedInterfaceOrientations_iPad = "UIInterfaceOrientationPortrait UIInterfaceOrientationPortraitUpsideDown UIInterfaceOrientationLandscapeLeft UIInterfaceOrientationLandscapeRight";
				INFOPLIST_KEY_UISupportedInterfaceOrientations_iPhone = "UIInterfaceOrientationPortrait UIInterfaceOrientationLandscapeLeft UIInterfaceOrientationLandscapeRight";
				LD_RUNPATH_SEARCH_PATHS = (
					"$(inherited)",
					"@executable_path/Frameworks",
				);
				MARKETING_VERSION = 1.0;
				PRODUCT_BUNDLE_IDENTIFIER = com.lloretalvaro.Bandemap;
				PRODUCT_NAME = "$(TARGET_NAME)";
				SWIFT_EMIT_LOC_STRINGS = YES;
				SWIFT_VERSION = 5.0;
				TARGETED_DEVICE_FAMILY = "1,2";
			};
			name = Debug;
		};
		C2E99B212A792F9B009E2DBE /* Release */ = {
			isa = XCBuildConfiguration;
			buildSettings = {
				ASSETCATALOG_COMPILER_APPICON_NAME = AppIcon;
				ASSETCATALOG_COMPILER_GLOBAL_ACCENT_COLOR_NAME = AccentColor;
				CODE_SIGN_STYLE = Automatic;
				CURRENT_PROJECT_VERSION = 1;
				DEVELOPMENT_ASSET_PATHS = "\"Bandemap/Preview Content\"";
				DEVELOPMENT_TEAM = 85WT6QJ3FL;
				ENABLE_PREVIEWS = YES;
				GENERATE_INFOPLIST_FILE = YES;
				INFOPLIST_KEY_UIApplicationSceneManifest_Generation = YES;
				INFOPLIST_KEY_UIApplicationSupportsIndirectInputEvents = YES;
				INFOPLIST_KEY_UILaunchScreen_Generation = YES;
				INFOPLIST_KEY_UISupportedInterfaceOrientations_iPad = "UIInterfaceOrientationPortrait UIInterfaceOrientationPortraitUpsideDown UIInterfaceOrientationLandscapeLeft UIInterfaceOrientationLandscapeRight";
				INFOPLIST_KEY_UISupportedInterfaceOrientations_iPhone = "UIInterfaceOrientationPortrait UIInterfaceOrientationLandscapeLeft UIInterfaceOrientationLandscapeRight";
				LD_RUNPATH_SEARCH_PATHS = (
					"$(inherited)",
					"@executable_path/Frameworks",
				);
				MARKETING_VERSION = 1.0;
				PRODUCT_BUNDLE_IDENTIFIER = com.lloretalvaro.Bandemap;
				PRODUCT_NAME = "$(TARGET_NAME)";
				SWIFT_EMIT_LOC_STRINGS = YES;
				SWIFT_VERSION = 5.0;
				TARGETED_DEVICE_FAMILY = "1,2";
			};
			name = Release;
		};
		C2E99B232A792F9B009E2DBE /* Debug */ = {
			isa = XCBuildConfiguration;
			buildSettings = {
				ALWAYS_EMBED_SWIFT_STANDARD_LIBRARIES = YES;
				BUNDLE_LOADER = "$(TEST_HOST)";
				CODE_SIGN_STYLE = Automatic;
				CURRENT_PROJECT_VERSION = 1;
				DEVELOPMENT_TEAM = 85WT6QJ3FL;
				GENERATE_INFOPLIST_FILE = YES;
				IPHONEOS_DEPLOYMENT_TARGET = 16.4;
				MARKETING_VERSION = 1.0;
				PRODUCT_BUNDLE_IDENTIFIER = com.lloretalvaro.BandemapTests;
				PRODUCT_NAME = "$(TARGET_NAME)";
				SWIFT_EMIT_LOC_STRINGS = NO;
				SWIFT_VERSION = 5.0;
				TARGETED_DEVICE_FAMILY = "1,2";
				TEST_HOST = "$(BUILT_PRODUCTS_DIR)/Bandemap.app/$(BUNDLE_EXECUTABLE_FOLDER_PATH)/Bandemap";
			};
			name = Debug;
		};
		C2E99B242A792F9B009E2DBE /* Release */ = {
			isa = XCBuildConfiguration;
			buildSettings = {
				ALWAYS_EMBED_SWIFT_STANDARD_LIBRARIES = YES;
				BUNDLE_LOADER = "$(TEST_HOST)";
				CODE_SIGN_STYLE = Automatic;
				CURRENT_PROJECT_VERSION = 1;
				DEVELOPMENT_TEAM = 85WT6QJ3FL;
				GENERATE_INFOPLIST_FILE = YES;
				IPHONEOS_DEPLOYMENT_TARGET = 16.4;
				MARKETING_VERSION = 1.0;
				PRODUCT_BUNDLE_IDENTIFIER = com.lloretalvaro.BandemapTests;
				PRODUCT_NAME = "$(TARGET_NAME)";
				SWIFT_EMIT_LOC_STRINGS = NO;
				SWIFT_VERSION = 5.0;
				TARGETED_DEVICE_FAMILY = "1,2";
				TEST_HOST = "$(BUILT_PRODUCTS_DIR)/Bandemap.app/$(BUNDLE_EXECUTABLE_FOLDER_PATH)/Bandemap";
			};
			name = Release;
		};
		C2E99B262A792F9B009E2DBE /* Debug */ = {
			isa = XCBuildConfiguration;
			buildSettings = {
				ALWAYS_EMBED_SWIFT_STANDARD_LIBRARIES = YES;
				CODE_SIGN_STYLE = Automatic;
				CURRENT_PROJECT_VERSION = 1;
				DEVELOPMENT_TEAM = 85WT6QJ3FL;
				GENERATE_INFOPLIST_FILE = YES;
				MARKETING_VERSION = 1.0;
				PRODUCT_BUNDLE_IDENTIFIER = com.lloretalvaro.BandemapUITests;
				PRODUCT_NAME = "$(TARGET_NAME)";
				SWIFT_EMIT_LOC_STRINGS = NO;
				SWIFT_VERSION = 5.0;
				TARGETED_DEVICE_FAMILY = "1,2";
				TEST_TARGET_NAME = Bandemap;
			};
			name = Debug;
		};
		C2E99B272A792F9B009E2DBE /* Release */ = {
			isa = XCBuildConfiguration;
			buildSettings = {
				ALWAYS_EMBED_SWIFT_STANDARD_LIBRARIES = YES;
				CODE_SIGN_STYLE = Automatic;
				CURRENT_PROJECT_VERSION = 1;
				DEVELOPMENT_TEAM = 85WT6QJ3FL;
				GENERATE_INFOPLIST_FILE = YES;
				MARKETING_VERSION = 1.0;
				PRODUCT_BUNDLE_IDENTIFIER = com.lloretalvaro.BandemapUITests;
				PRODUCT_NAME = "$(TARGET_NAME)";
				SWIFT_EMIT_LOC_STRINGS = NO;
				SWIFT_VERSION = 5.0;
				TARGETED_DEVICE_FAMILY = "1,2";
				TEST_TARGET_NAME = Bandemap;
			};
			name = Release;
		};
/* End XCBuildConfiguration section */

/* Begin XCConfigurationList section */
		C2E99AF62A792F9A009E2DBE /* Build configuration list for PBXProject "Bandemap" */ = {
			isa = XCConfigurationList;
			buildConfigurations = (
				C2E99B1D2A792F9B009E2DBE /* Debug */,
				C2E99B1E2A792F9B009E2DBE /* Release */,
			);
			defaultConfigurationIsVisible = 0;
			defaultConfigurationName = Release;
		};
		C2E99B1F2A792F9B009E2DBE /* Build configuration list for PBXNativeTarget "Bandemap" */ = {
			isa = XCConfigurationList;
			buildConfigurations = (
				C2E99B202A792F9B009E2DBE /* Debug */,
				C2E99B212A792F9B009E2DBE /* Release */,
			);
			defaultConfigurationIsVisible = 0;
			defaultConfigurationName = Release;
		};
		C2E99B222A792F9B009E2DBE /* Build configuration list for PBXNativeTarget "BandemapTests" */ = {
			isa = XCConfigurationList;
			buildConfigurations = (
				C2E99B232A792F9B009E2DBE /* Debug */,
				C2E99B242A792F9B009E2DBE /* Release */,
			);
			defaultConfigurationIsVisible = 0;
			defaultConfigurationName = Release;
		};
		C2E99B252A792F9B009E2DBE /* Build configuration list for PBXNativeTarget "BandemapUITests" */ = {
			isa = XCConfigurationList;
			buildConfigurations = (
				C2E99B262A792F9B009E2DBE /* Debug */,
				C2E99B272A792F9B009E2DBE /* Release */,
			);
			defaultConfigurationIsVisible = 0;
			defaultConfigurationName = Release;
		};
/* End XCConfigurationList section */
	};
	rootObject = C2E99AF32A792F9A009E2DBE /* Project object */;
}
